// !$*UTF8*$!
{
	archiveVersion = 1;
	classes = {
	};
	objectVersion = 46;
	objects = {

/* Begin PBXBuildFile section */
		8FCCEC8D1E8BED8600EF0068 /* AppDelegate.swift in Sources */ = {isa = PBXBuildFile; fileRef = 8FCCEC8C1E8BED8600EF0068 /* AppDelegate.swift */; };
		8FCCEC8F1E8BED8600EF0068 /* ViewController.swift in Sources */ = {isa = PBXBuildFile; fileRef = 8FCCEC8E1E8BED8600EF0068 /* ViewController.swift */; };
		8FCCEC921E8BED8600EF0068 /* Main.storyboard in Resources */ = {isa = PBXBuildFile; fileRef = 8FCCEC901E8BED8600EF0068 /* Main.storyboard */; };
		8FCCEC941E8BED8600EF0068 /* Assets.xcassets in Resources */ = {isa = PBXBuildFile; fileRef = 8FCCEC931E8BED8600EF0068 /* Assets.xcassets */; };
		8FCCEC971E8BED8600EF0068 /* LaunchScreen.storyboard in Resources */ = {isa = PBXBuildFile; fileRef = 8FCCEC951E8BED8600EF0068 /* LaunchScreen.storyboard */; };
		8FCCECA11E8BFBEF00EF0068 /* ClassAttendance3.xcdatamodeld in Sources */ = {isa = PBXBuildFile; fileRef = 8FCCEC9F1E8BFBEF00EF0068 /* ClassAttendance3.xcdatamodeld */; };
		8FCCECA41E8BFC9F00EF0068 /* Student+CoreDataClass.swift in Sources */ = {isa = PBXBuildFile; fileRef = 8FCCECA21E8BFC9F00EF0068 /* Student+CoreDataClass.swift */; };
		8FCCECA51E8BFC9F00EF0068 /* Student+CoreDataProperties.swift in Sources */ = {isa = PBXBuildFile; fileRef = 8FCCECA31E8BFC9F00EF0068 /* Student+CoreDataProperties.swift */; };
		8FCCECA71E8C001F00EF0068 /* DataController.swift in Sources */ = {isa = PBXBuildFile; fileRef = 8FCCECA61E8C001F00EF0068 /* DataController.swift */; };
		8FCCECB71E8C08A100EF0068 /* CoreDataTests.swift in Sources */ = {isa = PBXBuildFile; fileRef = 8FCCECB61E8C08A100EF0068 /* CoreDataTests.swift */; };
/* End PBXBuildFile section */

/* Begin PBXContainerItemProxy section */
		8FCCECB11E8C03AB00EF0068 /* PBXContainerItemProxy */ = {
			isa = PBXContainerItemProxy;
			containerPortal = 8FCCEC811E8BED8600EF0068 /* Project object */;
			proxyType = 1;
			remoteGlobalIDString = 8FCCEC881E8BED8600EF0068;
			remoteInfo = ClassAttendance3;
		};
/* End PBXContainerItemProxy section */

/* Begin PBXFileReference section */
		8FCCEC891E8BED8600EF0068 /* ClassAttendance3.app */ = {isa = PBXFileReference; explicitFileType = wrapper.application; includeInIndex = 0; path = ClassAttendance3.app; sourceTree = BUILT_PRODUCTS_DIR; };
		8FCCEC8C1E8BED8600EF0068 /* AppDelegate.swift */ = {isa = PBXFileReference; lastKnownFileType = sourcecode.swift; path = AppDelegate.swift; sourceTree = "<group>"; };
		8FCCEC8E1E8BED8600EF0068 /* ViewController.swift */ = {isa = PBXFileReference; lastKnownFileType = sourcecode.swift; path = ViewController.swift; sourceTree = "<group>"; };
		8FCCEC911E8BED8600EF0068 /* Base */ = {isa = PBXFileReference; lastKnownFileType = file.storyboard; name = Base; path = Base.lproj/Main.storyboard; sourceTree = "<group>"; };
		8FCCEC931E8BED8600EF0068 /* Assets.xcassets */ = {isa = PBXFileReference; lastKnownFileType = folder.assetcatalog; path = Assets.xcassets; sourceTree = "<group>"; };
		8FCCEC961E8BED8600EF0068 /* Base */ = {isa = PBXFileReference; lastKnownFileType = file.storyboard; name = Base; path = Base.lproj/LaunchScreen.storyboard; sourceTree = "<group>"; };
		8FCCEC981E8BED8600EF0068 /* Info.plist */ = {isa = PBXFileReference; lastKnownFileType = text.plist.xml; path = Info.plist; sourceTree = "<group>"; };
		8FCCECA01E8BFBEF00EF0068 /* ClassAttendance3.xcdatamodel */ = {isa = PBXFileReference; lastKnownFileType = wrapper.xcdatamodel; path = ClassAttendance3.xcdatamodel; sourceTree = "<group>"; };
		8FCCECA21E8BFC9F00EF0068 /* Student+CoreDataClass.swift */ = {isa = PBXFileReference; fileEncoding = 4; lastKnownFileType = sourcecode.swift; path = "Student+CoreDataClass.swift"; sourceTree = "<group>"; };
		8FCCECA31E8BFC9F00EF0068 /* Student+CoreDataProperties.swift */ = {isa = PBXFileReference; fileEncoding = 4; lastKnownFileType = sourcecode.swift; path = "Student+CoreDataProperties.swift"; sourceTree = "<group>"; };
		8FCCECA61E8C001F00EF0068 /* DataController.swift */ = {isa = PBXFileReference; fileEncoding = 4; lastKnownFileType = sourcecode.swift; path = DataController.swift; sourceTree = "<group>"; };
		8FCCECAC1E8C03AB00EF0068 /* ClassAttendance3UnitTests.xctest */ = {isa = PBXFileReference; explicitFileType = wrapper.cfbundle; includeInIndex = 0; path = ClassAttendance3UnitTests.xctest; sourceTree = BUILT_PRODUCTS_DIR; };
		8FCCECB01E8C03AB00EF0068 /* Info.plist */ = {isa = PBXFileReference; lastKnownFileType = text.plist.xml; path = Info.plist; sourceTree = "<group>"; };
		8FCCECB61E8C08A100EF0068 /* CoreDataTests.swift */ = {isa = PBXFileReference; fileEncoding = 4; lastKnownFileType = sourcecode.swift; path = CoreDataTests.swift; sourceTree = "<group>"; };
/* End PBXFileReference section */

/* Begin PBXFrameworksBuildPhase section */
		8FCCEC861E8BED8600EF0068 /* Frameworks */ = {
			isa = PBXFrameworksBuildPhase;
			buildActionMask = 2147483647;
			files = (
			);
			runOnlyForDeploymentPostprocessing = 0;
		};
		8FCCECA91E8C03AB00EF0068 /* Frameworks */ = {
			isa = PBXFrameworksBuildPhase;
			buildActionMask = 2147483647;
			files = (
			);
			runOnlyForDeploymentPostprocessing = 0;
		};
/* End PBXFrameworksBuildPhase section */

/* Begin PBXGroup section */
		8FCCEC801E8BED8600EF0068 = {
			isa = PBXGroup;
			children = (
				8FCCEC8B1E8BED8600EF0068 /* ClassAttendance3 */,
				8FCCECAD1E8C03AB00EF0068 /* ClassAttendance3UnitTests */,
				8FCCEC8A1E8BED8600EF0068 /* Products */,
			);
			sourceTree = "<group>";
		};
		8FCCEC8A1E8BED8600EF0068 /* Products */ = {
			isa = PBXGroup;
			children = (
				8FCCEC891E8BED8600EF0068 /* ClassAttendance3.app */,
				8FCCECAC1E8C03AB00EF0068 /* ClassAttendance3UnitTests.xctest */,
			);
			name = Products;
			sourceTree = "<group>";
		};
		8FCCEC8B1E8BED8600EF0068 /* ClassAttendance3 */ = {
			isa = PBXGroup;
			children = (
				8FCCEC9E1E8BFB9400EF0068 /* Model */,
				8FCCEC8C1E8BED8600EF0068 /* AppDelegate.swift */,
				8FCCEC8E1E8BED8600EF0068 /* ViewController.swift */,
				8FCCEC901E8BED8600EF0068 /* Main.storyboard */,
				8FCCEC931E8BED8600EF0068 /* Assets.xcassets */,
				8FCCEC951E8BED8600EF0068 /* LaunchScreen.storyboard */,
				8FCCEC981E8BED8600EF0068 /* Info.plist */,
			);
			path = ClassAttendance3;
			sourceTree = "<group>";
		};
		8FCCEC9E1E8BFB9400EF0068 /* Model */ = {
			isa = PBXGroup;
			children = (
				8FCCECA21E8BFC9F00EF0068 /* Student+CoreDataClass.swift */,
				8FCCECA31E8BFC9F00EF0068 /* Student+CoreDataProperties.swift */,
				8FCCEC9F1E8BFBEF00EF0068 /* ClassAttendance3.xcdatamodeld */,
				8FCCECA61E8C001F00EF0068 /* DataController.swift */,
			);
			name = Model;
			sourceTree = "<group>";
		};
		8FCCECAD1E8C03AB00EF0068 /* ClassAttendance3UnitTests */ = {
			isa = PBXGroup;
			children = (
				8FCCECB61E8C08A100EF0068 /* CoreDataTests.swift */,
				8FCCECB01E8C03AB00EF0068 /* Info.plist */,
			);
			path = ClassAttendance3UnitTests;
			sourceTree = "<group>";
		};
/* End PBXGroup section */

/* Begin PBXNativeTarget section */
		8FCCEC881E8BED8600EF0068 /* ClassAttendance3 */ = {
			isa = PBXNativeTarget;
			buildConfigurationList = 8FCCEC9B1E8BED8600EF0068 /* Build configuration list for PBXNativeTarget "ClassAttendance3" */;
			buildPhases = (
				8FCCEC851E8BED8600EF0068 /* Sources */,
				8FCCEC861E8BED8600EF0068 /* Frameworks */,
				8FCCEC871E8BED8600EF0068 /* Resources */,
			);
			buildRules = (
			);
			dependencies = (
			);
			name = ClassAttendance3;
			productName = ClassAttendance3;
			productReference = 8FCCEC891E8BED8600EF0068 /* ClassAttendance3.app */;
			productType = "com.apple.product-type.application";
		};
		8FCCECAB1E8C03AB00EF0068 /* ClassAttendance3UnitTests */ = {
			isa = PBXNativeTarget;
			buildConfigurationList = 8FCCECB31E8C03AB00EF0068 /* Build configuration list for PBXNativeTarget "ClassAttendance3UnitTests" */;
			buildPhases = (
				8FCCECA81E8C03AB00EF0068 /* Sources */,
				8FCCECA91E8C03AB00EF0068 /* Frameworks */,
				8FCCECAA1E8C03AB00EF0068 /* Resources */,
			);
			buildRules = (
			);
			dependencies = (
				8FCCECB21E8C03AB00EF0068 /* PBXTargetDependency */,
			);
			name = ClassAttendance3UnitTests;
			productName = ClassAttendance3UnitTests;
			productReference = 8FCCECAC1E8C03AB00EF0068 /* ClassAttendance3UnitTests.xctest */;
			productType = "com.apple.product-type.bundle.unit-test";
		};
/* End PBXNativeTarget section */

/* Begin PBXProject section */
		8FCCEC811E8BED8600EF0068 /* Project object */ = {
			isa = PBXProject;
			attributes = {
				LastSwiftUpdateCheck = 0820;
				LastUpgradeCheck = 0820;
				ORGANIZATIONNAME = "Iason Michailidis";
				TargetAttributes = {
					8FCCEC881E8BED8600EF0068 = {
						CreatedOnToolsVersion = 8.2.1;
						DevelopmentTeam = PXWVL754BD;
						ProvisioningStyle = Automatic;
					};
					8FCCECAB1E8C03AB00EF0068 = {
						CreatedOnToolsVersion = 8.2.1;
						DevelopmentTeam = PXWVL754BD;
						ProvisioningStyle = Automatic;
						TestTargetID = 8FCCEC881E8BED8600EF0068;
					};
				};
			};
			buildConfigurationList = 8FCCEC841E8BED8600EF0068 /* Build configuration list for PBXProject "ClassAttendance3" */;
			compatibilityVersion = "Xcode 3.2";
			developmentRegion = English;
			hasScannedForEncodings = 0;
			knownRegions = (
				en,
				Base,
			);
			mainGroup = 8FCCEC801E8BED8600EF0068;
			productRefGroup = 8FCCEC8A1E8BED8600EF0068 /* Products */;
			projectDirPath = "";
			projectRoot = "";
			targets = (
				8FCCEC881E8BED8600EF0068 /* ClassAttendance3 */,
				8FCCECAB1E8C03AB00EF0068 /* ClassAttendance3UnitTests */,
			);
		};
/* End PBXProject section */

/* Begin PBXResourcesBuildPhase section */
		8FCCEC871E8BED8600EF0068 /* Resources */ = {
			isa = PBXResourcesBuildPhase;
			buildActionMask = 2147483647;
			files = (
				8FCCEC971E8BED8600EF0068 /* LaunchScreen.storyboard in Resources */,
				8FCCEC941E8BED8600EF0068 /* Assets.xcassets in Resources */,
				8FCCEC921E8BED8600EF0068 /* Main.storyboard in Resources */,
			);
			runOnlyForDeploymentPostprocessing = 0;
		};
		8FCCECAA1E8C03AB00EF0068 /* Resources */ = {
			isa = PBXResourcesBuildPhase;
			buildActionMask = 2147483647;
			files = (
			);
			runOnlyForDeploymentPostprocessing = 0;
		};
/* End PBXResourcesBuildPhase section */

/* Begin PBXSourcesBuildPhase section */
		8FCCEC851E8BED8600EF0068 /* Sources */ = {
			isa = PBXSourcesBuildPhase;
			buildActionMask = 2147483647;
			files = (
				8FCCECA11E8BFBEF00EF0068 /* ClassAttendance3.xcdatamodeld in Sources */,
				8FCCECA71E8C001F00EF0068 /* DataController.swift in Sources */,
				8FCCECA41E8BFC9F00EF0068 /* Student+CoreDataClass.swift in Sources */,
				8FCCEC8F1E8BED8600EF0068 /* ViewController.swift in Sources */,
				8FCCEC8D1E8BED8600EF0068 /* AppDelegate.swift in Sources */,
				8FCCECA51E8BFC9F00EF0068 /* Student+CoreDataProperties.swift in Sources */,
			);
			runOnlyForDeploymentPostprocessing = 0;
		};
		8FCCECA81E8C03AB00EF0068 /* Sources */ = {
			isa = PBXSourcesBuildPhase;
			buildActionMask = 2147483647;
			files = (
				8FCCECB71E8C08A100EF0068 /* CoreDataTests.swift in Sources */,
			);
			runOnlyForDeploymentPostprocessing = 0;
		};
/* End PBXSourcesBuildPhase section */

/* Begin PBXTargetDependency section */
		8FCCECB21E8C03AB00EF0068 /* PBXTargetDependency */ = {
			isa = PBXTargetDependency;
			target = 8FCCEC881E8BED8600EF0068 /* ClassAttendance3 */;
			targetProxy = 8FCCECB11E8C03AB00EF0068 /* PBXContainerItemProxy */;
		};
/* End PBXTargetDependency section */

/* Begin PBXVariantGroup section */
		8FCCEC901E8BED8600EF0068 /* Main.storyboard */ = {
			isa = PBXVariantGroup;
			children = (
				8FCCEC911E8BED8600EF0068 /* Base */,
			);
			name = Main.storyboard;
			sourceTree = "<group>";
		};
		8FCCEC951E8BED8600EF0068 /* LaunchScreen.storyboard */ = {
			isa = PBXVariantGroup;
			children = (
				8FCCEC961E8BED8600EF0068 /* Base */,
			);
			name = LaunchScreen.storyboard;
			sourceTree = "<group>";
		};
/* End PBXVariantGroup section */

/* Begin XCBuildConfiguration section */
		8FCCEC991E8BED8600EF0068 /* Debug */ = {
			isa = XCBuildConfiguration;
			buildSettings = {
				ALWAYS_SEARCH_USER_PATHS = NO;
				CLANG_ANALYZER_NONNULL = YES;
				CLANG_CXX_LANGUAGE_STANDARD = "gnu++0x";
				CLANG_CXX_LIBRARY = "libc++";
				CLANG_ENABLE_MODULES = YES;
				CLANG_ENABLE_OBJC_ARC = YES;
				CLANG_WARN_BOOL_CONVERSION = YES;
				CLANG_WARN_CONSTANT_CONVERSION = YES;
				CLANG_WARN_DIRECT_OBJC_ISA_USAGE = YES_ERROR;
				CLANG_WARN_DOCUMENTATION_COMMENTS = YES;
				CLANG_WARN_EMPTY_BODY = YES;
				CLANG_WARN_ENUM_CONVERSION = YES;
				CLANG_WARN_INFINITE_RECURSION = YES;
				CLANG_WARN_INT_CONVERSION = YES;
				CLANG_WARN_OBJC_ROOT_CLASS = YES_ERROR;
				CLANG_WARN_SUSPICIOUS_MOVE = YES;
				CLANG_WARN_UNREACHABLE_CODE = YES;
				CLANG_WARN__DUPLICATE_METHOD_MATCH = YES;
				"CODE_SIGN_IDENTITY[sdk=iphoneos*]" = "iPhone Developer";
				COPY_PHASE_STRIP = NO;
				DEBUG_INFORMATION_FORMAT = dwarf;
				ENABLE_STRICT_OBJC_MSGSEND = YES;
				ENABLE_TESTABILITY = YES;
				GCC_C_LANGUAGE_STANDARD = gnu99;
				GCC_DYNAMIC_NO_PIC = NO;
				GCC_NO_COMMON_BLOCKS = YES;
				GCC_OPTIMIZATION_LEVEL = 0;
				GCC_PREPROCESSOR_DEFINITIONS = (
					"DEBUG=1",
					"$(inherited)",
				);
				GCC_WARN_64_TO_32_BIT_CONVERSION = YES;
				GCC_WARN_ABOUT_RETURN_TYPE = YES_ERROR;
				GCC_WARN_UNDECLARED_SELECTOR = YES;
				GCC_WARN_UNINITIALIZED_AUTOS = YES_AGGRESSIVE;
				GCC_WARN_UNUSED_FUNCTION = YES;
				GCC_WARN_UNUSED_VARIABLE = YES;
				IPHONEOS_DEPLOYMENT_TARGET = 10.2;
				MTL_ENABLE_DEBUG_INFO = YES;
				ONLY_ACTIVE_ARCH = YES;
				SDKROOT = iphoneos;
				SWIFT_ACTIVE_COMPILATION_CONDITIONS = DEBUG;
				SWIFT_OPTIMIZATION_LEVEL = "-Onone";
				TARGETED_DEVICE_FAMILY = "1,2";
			};
			name = Debug;
		};
		8FCCEC9A1E8BED8600EF0068 /* Release */ = {
			isa = XCBuildConfiguration;
			buildSettings = {
				ALWAYS_SEARCH_USER_PATHS = NO;
				CLANG_ANALYZER_NONNULL = YES;
				CLANG_CXX_LANGUAGE_STANDARD = "gnu++0x";
				CLANG_CXX_LIBRARY = "libc++";
				CLANG_ENABLE_MODULES = YES;
				CLANG_ENABLE_OBJC_ARC = YES;
				CLANG_WARN_BOOL_CONVERSION = YES;
				CLANG_WARN_CONSTANT_CONVERSION = YES;
				CLANG_WARN_DIRECT_OBJC_ISA_USAGE = YES_ERROR;
				CLANG_WARN_DOCUMENTATION_COMMENTS = YES;
				CLANG_WARN_EMPTY_BODY = YES;
				CLANG_WARN_ENUM_CONVERSION = YES;
				CLANG_WARN_INFINITE_RECURSION = YES;
				CLANG_WARN_INT_CONVERSION = YES;
				CLANG_WARN_OBJC_ROOT_CLASS = YES_ERROR;
				CLANG_WARN_SUSPICIOUS_MOVE = YES;
				CLANG_WARN_UNREACHABLE_CODE = YES;
				CLANG_WARN__DUPLICATE_METHOD_MATCH = YES;
				"CODE_SIGN_IDENTITY[sdk=iphoneos*]" = "iPhone Developer";
				COPY_PHASE_STRIP = NO;
				DEBUG_INFORMATION_FORMAT = "dwarf-with-dsym";
				ENABLE_NS_ASSERTIONS = NO;
				ENABLE_STRICT_OBJC_MSGSEND = YES;
				GCC_C_LANGUAGE_STANDARD = gnu99;
				GCC_NO_COMMON_BLOCKS = YES;
				GCC_WARN_64_TO_32_BIT_CONVERSION = YES;
				GCC_WARN_ABOUT_RETURN_TYPE = YES_ERROR;
				GCC_WARN_UNDECLARED_SELECTOR = YES;
				GCC_WARN_UNINITIALIZED_AUTOS = YES_AGGRESSIVE;
				GCC_WARN_UNUSED_FUNCTION = YES;
				GCC_WARN_UNUSED_VARIABLE = YES;
				IPHONEOS_DEPLOYMENT_TARGET = 10.2;
				MTL_ENABLE_DEBUG_INFO = NO;
				SDKROOT = iphoneos;
				SWIFT_OPTIMIZATION_LEVEL = "-Owholemodule";
				TARGETED_DEVICE_FAMILY = "1,2";
				VALIDATE_PRODUCT = YES;
			};
			name = Release;
		};
		8FCCEC9C1E8BED8600EF0068 /* Debug */ = {
			isa = XCBuildConfiguration;
			buildSettings = {
				ASSETCATALOG_COMPILER_APPICON_NAME = AppIcon;
				DEVELOPMENT_TEAM = PXWVL754BD;
				INFOPLIST_FILE = ClassAttendance3/Info.plist;
				LD_RUNPATH_SEARCH_PATHS = "$(inherited) @executable_path/Frameworks";
				PRODUCT_BUNDLE_IDENTIFIER = com.iasonm.ClassAttendance3;
				PRODUCT_NAME = "$(TARGET_NAME)";
				SWIFT_VERSION = 3.0;
			};
			name = Debug;
		};
		8FCCEC9D1E8BED8600EF0068 /* Release */ = {
			isa = XCBuildConfiguration;
			buildSettings = {
				ASSETCATALOG_COMPILER_APPICON_NAME = AppIcon;
				DEVELOPMENT_TEAM = PXWVL754BD;
				INFOPLIST_FILE = ClassAttendance3/Info.plist;
				LD_RUNPATH_SEARCH_PATHS = "$(inherited) @executable_path/Frameworks";
				PRODUCT_BUNDLE_IDENTIFIER = com.iasonm.ClassAttendance3;
				PRODUCT_NAME = "$(TARGET_NAME)";
				SWIFT_VERSION = 3.0;
			};
			name = Release;
		};
		8FCCECB41E8C03AB00EF0068 /* Debug */ = {
			isa = XCBuildConfiguration;
			buildSettings = {
				BUNDLE_LOADER = "$(TEST_HOST)";
				DEVELOPMENT_TEAM = PXWVL754BD;
				INFOPLIST_FILE = ClassAttendance3UnitTests/Info.plist;
				LD_RUNPATH_SEARCH_PATHS = "$(inherited) @executable_path/Frameworks @loader_path/Frameworks";
				PRODUCT_BUNDLE_IDENTIFIER = com.iasonm.ClassAttendance3UnitTests;
				PRODUCT_NAME = "$(TARGET_NAME)";
				SWIFT_VERSION = 3.0;
				TEST_HOST = "$(BUILT_PRODUCTS_DIR)/ClassAttendance3.app/ClassAttendance3";
			};
			name = Debug;
		};
		8FCCECB51E8C03AB00EF0068 /* Release */ = {
			isa = XCBuildConfiguration;
			buildSettings = {
				BUNDLE_LOADER = "$(TEST_HOST)";
				DEVELOPMENT_TEAM = PXWVL754BD;
				INFOPLIST_FILE = ClassAttendance3UnitTests/Info.plist;
				LD_RUNPATH_SEARCH_PATHS = "$(inherited) @executable_path/Frameworks @loader_path/Frameworks";
				PRODUCT_BUNDLE_IDENTIFIER = com.iasonm.ClassAttendance3UnitTests;
				PRODUCT_NAME = "$(TARGET_NAME)";
				SWIFT_VERSION = 3.0;
				TEST_HOST = "$(BUILT_PRODUCTS_DIR)/ClassAttendance3.app/ClassAttendance3";
			};
			name = Release;
		};
/* End XCBuildConfiguration section */

/* Begin XCConfigurationList section */
		8FCCEC841E8BED8600EF0068 /* Build configuration list for PBXProject "ClassAttendance3" */ = {
			isa = XCConfigurationList;
			buildConfigurations = (
				8FCCEC991E8BED8600EF0068 /* Debug */,
				8FCCEC9A1E8BED8600EF0068 /* Release */,
			);
			defaultConfigurationIsVisible = 0;
			defaultConfigurationName = Release;
		};
		8FCCEC9B1E8BED8600EF0068 /* Build configuration list for PBXNativeTarget "ClassAttendance3" */ = {
			isa = XCConfigurationList;
			buildConfigurations = (
				8FCCEC9C1E8BED8600EF0068 /* Debug */,
				8FCCEC9D1E8BED8600EF0068 /* Release */,
			);
			defaultConfigurationIsVisible = 0;
		};
		8FCCECB31E8C03AB00EF0068 /* Build configuration list for PBXNativeTarget "ClassAttendance3UnitTests" */ = {
			isa = XCConfigurationList;
			buildConfigurations = (
				8FCCECB41E8C03AB00EF0068 /* Debug */,
				8FCCECB51E8C03AB00EF0068 /* Release */,
			);
			defaultConfigurationIsVisible = 0;
		};
/* End XCConfigurationList section */

/* Begin XCVersionGroup section */
		8FCCEC9F1E8BFBEF00EF0068 /* ClassAttendance3.xcdatamodeld */ = {
			isa = XCVersionGroup;
			children = (
				8FCCECA01E8BFBEF00EF0068 /* ClassAttendance3.xcdatamodel */,
			);
			currentVersion = 8FCCECA01E8BFBEF00EF0068 /* ClassAttendance3.xcdatamodel */;
			path = ClassAttendance3.xcdatamodeld;
			sourceTree = "<group>";
			versionGroupType = wrapper.xcdatamodel;
		};
/* End XCVersionGroup section */
	};
	rootObject = 8FCCEC811E8BED8600EF0068 /* Project object */;
}
